PODS:
  - FBSnapshotTestCase (2.1.4):
    - FBSnapshotTestCase/SwiftSupport (= 2.1.4)
  - FBSnapshotTestCase/Core (2.1.4)
  - FBSnapshotTestCase/SwiftSupport (2.1.4):
    - FBSnapshotTestCase/Core
  - GTMBase64 (1.0.1)
  - WBExtendTools (1.0.0):
    - GTMBase64

DEPENDENCIES:
  - FBSnapshotTestCase
  - WBExtendTools (from `../`)

SPEC REPOS:
  trunk:
    - FBSnapshotTestCase
    - GTMBase64

EXTERNAL SOURCES:
  WBExtendTools:
    :path: "../"

SPEC CHECKSUMS:
  FBSnapshotTestCase: 094f9f314decbabe373b87cc339bea235a63e07a
  GTMBase64: f0f91be06a7a20b84c8e4fee30c0430395091d82
  WBExtendTools: b944ad1f97b33333665715a436ea825ea23efbe8

PODFILE CHECKSUM: 526b40189464b26c0e3665d3be30208fbeb58f4c

COCOAPODS: 1.8.4
